<?xml version="1.0" encoding="utf-8"?>
<Project ToolsVersion="4.0" xmlns="http://schemas.microsoft.com/developer/msbuild/2003">
  <ItemGroup>
    <ClCompile Include="JNNSAPI.cpp">
      <Filter>Controller</Filter>
    </ClCompile>
    <ClCompile Include="Main.cpp">
      <Filter>Controller</Filter>
    </ClCompile>
  </ItemGroup>
  <ItemGroup>
    <ClInclude Include="glut.h" />
    <ClInclude Include="JNNSAPI.h">
      <Filter>Controller</Filter>
    </ClInclude>
    <ClInclude Include="MainView.h">
      <Filter>View</Filter>
    </ClInclude>
    <ClInclude Include="Main.h">
      <Filter>Controller</Filter>
    </ClInclude>
  </ItemGroup>
  <ItemGroup>
    <Filter Include="View">
      <UniqueIdentifier>{97f94b74-aa35-42c8-ab4c-1a8b37c156d8}</UniqueIdentifier>
    </Filter>
    <Filter Include="Controller">
      <UniqueIdentifier>{495818dc-3f2e-4ee8-a0ac-6e0e7f553178}</UniqueIdentifier>
    </Filter>
  </ItemGroup>
</Project>